// !$*UTF8*$!
{
	archiveVersion = 1;
	classes = {
	};
	objectVersion = 52;
	objects = {

/* Begin PBXBuildFile section */
		453BCD6428D17C3E00CC5404 /* MovieDetailsViewController.swift in Sources */ = {isa = PBXBuildFile; fileRef = 453BCD6328D17C3E00CC5404 /* MovieDetailsViewController.swift */; };
		45D7C4E528C806730093D1A4 /* AppDelegate.swift in Sources */ = {isa = PBXBuildFile; fileRef = 45D7C4E428C806730093D1A4 /* AppDelegate.swift */; };
		45D7C4E728C806730093D1A4 /* SceneDelegate.swift in Sources */ = {isa = PBXBuildFile; fileRef = 45D7C4E628C806730093D1A4 /* SceneDelegate.swift */; };
		45D7C4E928C806730093D1A4 /* MoviesViewController.swift in Sources */ = {isa = PBXBuildFile; fileRef = 45D7C4E828C806730093D1A4 /* MoviesViewController.swift */; };
		45D7C4EC28C806730093D1A4 /* Main.storyboard in Resources */ = {isa = PBXBuildFile; fileRef = 45D7C4EA28C806730093D1A4 /* Main.storyboard */; };
		45D7C4EE28C806750093D1A4 /* Assets.xcassets in Resources */ = {isa = PBXBuildFile; fileRef = 45D7C4ED28C806750093D1A4 /* Assets.xcassets */; };
		45D7C4F128C806750093D1A4 /* LaunchScreen.storyboard in Resources */ = {isa = PBXBuildFile; fileRef = 45D7C4EF28C806750093D1A4 /* LaunchScreen.storyboard */; };
		45D7C4FC28C806760093D1A4 /* FlixTests.swift in Sources */ = {isa = PBXBuildFile; fileRef = 45D7C4FB28C806750093D1A4 /* FlixTests.swift */; };
		45D7C50728C806760093D1A4 /* FlixUITests.swift in Sources */ = {isa = PBXBuildFile; fileRef = 45D7C50628C806760093D1A4 /* FlixUITests.swift */; };
		45D7C51528C81CE20093D1A4 /* MovieCell.swift in Sources */ = {isa = PBXBuildFile; fileRef = 45D7C51428C81CE20093D1A4 /* MovieCell.swift */; };
		45D7C51828C82ED60093D1A4 /* AlamofireImage in Frameworks */ = {isa = PBXBuildFile; productRef = 45D7C51728C82ED60093D1A4 /* AlamofireImage */; };
/* End PBXBuildFile section */

/* Begin PBXContainerItemProxy section */
		45D7C4F828C806750093D1A4 /* PBXContainerItemProxy */ = {
			isa = PBXContainerItemProxy;
			containerPortal = 45D7C4D928C806730093D1A4 /* Project object */;
			proxyType = 1;
			remoteGlobalIDString = 45D7C4E028C806730093D1A4;
			remoteInfo = Flix;
		};
		45D7C50328C806760093D1A4 /* PBXContainerItemProxy */ = {
			isa = PBXContainerItemProxy;
			containerPortal = 45D7C4D928C806730093D1A4 /* Project object */;
			proxyType = 1;
			remoteGlobalIDString = 45D7C4E028C806730093D1A4;
			remoteInfo = Flix;
		};
/* End PBXContainerItemProxy section */

/* Begin PBXFileReference section */
		453BCD6328D17C3E00CC5404 /* MovieDetailsViewController.swift */ = {isa = PBXFileReference; lastKnownFileType = sourcecode.swift; path = MovieDetailsViewController.swift; sourceTree = "<group>"; };
		45D7C4E128C806730093D1A4 /* Flix.app */ = {isa = PBXFileReference; explicitFileType = wrapper.application; includeInIndex = 0; path = Flix.app; sourceTree = BUILT_PRODUCTS_DIR; };
		45D7C4E428C806730093D1A4 /* AppDelegate.swift */ = {isa = PBXFileReference; lastKnownFileType = sourcecode.swift; path = AppDelegate.swift; sourceTree = "<group>"; };
		45D7C4E628C806730093D1A4 /* SceneDelegate.swift */ = {isa = PBXFileReference; lastKnownFileType = sourcecode.swift; path = SceneDelegate.swift; sourceTree = "<group>"; };
		45D7C4E828C806730093D1A4 /* MoviesViewController.swift */ = {isa = PBXFileReference; lastKnownFileType = sourcecode.swift; path = MoviesViewController.swift; sourceTree = "<group>"; };
		45D7C4EB28C806730093D1A4 /* Base */ = {isa = PBXFileReference; lastKnownFileType = file.storyboard; name = Base; path = Base.lproj/Main.storyboard; sourceTree = "<group>"; };
		45D7C4ED28C806750093D1A4 /* Assets.xcassets */ = {isa = PBXFileReference; lastKnownFileType = folder.assetcatalog; path = Assets.xcassets; sourceTree = "<group>"; };
		45D7C4F028C806750093D1A4 /* Base */ = {isa = PBXFileReference; lastKnownFileType = file.storyboard; name = Base; path = Base.lproj/LaunchScreen.storyboard; sourceTree = "<group>"; };
		45D7C4F228C806750093D1A4 /* Info.plist */ = {isa = PBXFileReference; lastKnownFileType = text.plist.xml; path = Info.plist; sourceTree = "<group>"; };
		45D7C4F728C806750093D1A4 /* FlixTests.xctest */ = {isa = PBXFileReference; explicitFileType = wrapper.cfbundle; includeInIndex = 0; path = FlixTests.xctest; sourceTree = BUILT_PRODUCTS_DIR; };
		45D7C4FB28C806750093D1A4 /* FlixTests.swift */ = {isa = PBXFileReference; lastKnownFileType = sourcecode.swift; path = FlixTests.swift; sourceTree = "<group>"; };
		45D7C4FD28C806760093D1A4 /* Info.plist */ = {isa = PBXFileReference; lastKnownFileType = text.plist.xml; path = Info.plist; sourceTree = "<group>"; };
		45D7C50228C806760093D1A4 /* FlixUITests.xctest */ = {isa = PBXFileReference; explicitFileType = wrapper.cfbundle; includeInIndex = 0; path = FlixUITests.xctest; sourceTree = BUILT_PRODUCTS_DIR; };
		45D7C50628C806760093D1A4 /* FlixUITests.swift */ = {isa = PBXFileReference; lastKnownFileType = sourcecode.swift; path = FlixUITests.swift; sourceTree = "<group>"; };
		45D7C50828C806760093D1A4 /* Info.plist */ = {isa = PBXFileReference; lastKnownFileType = text.plist.xml; path = Info.plist; sourceTree = "<group>"; };
		45D7C51428C81CE20093D1A4 /* MovieCell.swift */ = {isa = PBXFileReference; lastKnownFileType = sourcecode.swift; path = MovieCell.swift; sourceTree = "<group>"; };
/* End PBXFileReference section */

/* Begin PBXFrameworksBuildPhase section */
		45D7C4DE28C806730093D1A4 /* Frameworks */ = {
			isa = PBXFrameworksBuildPhase;
			buildActionMask = 2147483647;
			files = (
				45D7C51828C82ED60093D1A4 /* AlamofireImage in Frameworks */,
			);
			runOnlyForDeploymentPostprocessing = 0;
		};
		45D7C4F428C806750093D1A4 /* Frameworks */ = {
			isa = PBXFrameworksBuildPhase;
			buildActionMask = 2147483647;
			files = (
			);
			runOnlyForDeploymentPostprocessing = 0;
		};
		45D7C4FF28C806760093D1A4 /* Frameworks */ = {
			isa = PBXFrameworksBuildPhase;
			buildActionMask = 2147483647;
			files = (
			);
			runOnlyForDeploymentPostprocessing = 0;
		};
/* End PBXFrameworksBuildPhase section */

/* Begin PBXGroup section */
		45D7C4D828C806730093D1A4 = {
			isa = PBXGroup;
			children = (
				45D7C4E328C806730093D1A4 /* Flix */,
				45D7C4FA28C806750093D1A4 /* FlixTests */,
				45D7C50528C806760093D1A4 /* FlixUITests */,
				45D7C4E228C806730093D1A4 /* Products */,
			);
			sourceTree = "<group>";
		};
		45D7C4E228C806730093D1A4 /* Products */ = {
			isa = PBXGroup;
			children = (
				45D7C4E128C806730093D1A4 /* Flix.app */,
				45D7C4F728C806750093D1A4 /* FlixTests.xctest */,
				45D7C50228C806760093D1A4 /* FlixUITests.xctest */,
			);
			name = Products;
			sourceTree = "<group>";
		};
		45D7C4E328C806730093D1A4 /* Flix */ = {
			isa = PBXGroup;
			children = (
				45D7C4E428C806730093D1A4 /* AppDelegate.swift */,
				45D7C4E628C806730093D1A4 /* SceneDelegate.swift */,
				45D7C4E828C806730093D1A4 /* MoviesViewController.swift */,
				45D7C4EA28C806730093D1A4 /* Main.storyboard */,
				453BCD6328D17C3E00CC5404 /* MovieDetailsViewController.swift */,
				45D7C51428C81CE20093D1A4 /* MovieCell.swift */,
				45D7C4ED28C806750093D1A4 /* Assets.xcassets */,
				45D7C4EF28C806750093D1A4 /* LaunchScreen.storyboard */,
				45D7C4F228C806750093D1A4 /* Info.plist */,
			);
			path = Flix;
			sourceTree = "<group>";
		};
		45D7C4FA28C806750093D1A4 /* FlixTests */ = {
			isa = PBXGroup;
			children = (
				45D7C4FB28C806750093D1A4 /* FlixTests.swift */,
				45D7C4FD28C806760093D1A4 /* Info.plist */,
			);
			path = FlixTests;
			sourceTree = "<group>";
		};
		45D7C50528C806760093D1A4 /* FlixUITests */ = {
			isa = PBXGroup;
			children = (
				45D7C50628C806760093D1A4 /* FlixUITests.swift */,
				45D7C50828C806760093D1A4 /* Info.plist */,
			);
			path = FlixUITests;
			sourceTree = "<group>";
		};
/* End PBXGroup section */

/* Begin PBXNativeTarget section */
		45D7C4E028C806730093D1A4 /* Flix */ = {
			isa = PBXNativeTarget;
			buildConfigurationList = 45D7C50B28C806760093D1A4 /* Build configuration list for PBXNativeTarget "Flix" */;
			buildPhases = (
				45D7C4DD28C806730093D1A4 /* Sources */,
				45D7C4DE28C806730093D1A4 /* Frameworks */,
				45D7C4DF28C806730093D1A4 /* Resources */,
			);
			buildRules = (
			);
			dependencies = (
			);
			name = Flix;
			packageProductDependencies = (
				45D7C51728C82ED60093D1A4 /* AlamofireImage */,
			);
			productName = Flix;
			productReference = 45D7C4E128C806730093D1A4 /* Flix.app */;
			productType = "com.apple.product-type.application";
		};
		45D7C4F628C806750093D1A4 /* FlixTests */ = {
			isa = PBXNativeTarget;
			buildConfigurationList = 45D7C50E28C806760093D1A4 /* Build configuration list for PBXNativeTarget "FlixTests" */;
			buildPhases = (
				45D7C4F328C806750093D1A4 /* Sources */,
				45D7C4F428C806750093D1A4 /* Frameworks */,
				45D7C4F528C806750093D1A4 /* Resources */,
			);
			buildRules = (
			);
			dependencies = (
				45D7C4F928C806750093D1A4 /* PBXTargetDependency */,
			);
			name = FlixTests;
			productName = FlixTests;
			productReference = 45D7C4F728C806750093D1A4 /* FlixTests.xctest */;
			productType = "com.apple.product-type.bundle.unit-test";
		};
		45D7C50128C806760093D1A4 /* FlixUITests */ = {
			isa = PBXNativeTarget;
			buildConfigurationList = 45D7C51128C806760093D1A4 /* Build configuration list for PBXNativeTarget "FlixUITests" */;
			buildPhases = (
				45D7C4FE28C806760093D1A4 /* Sources */,
				45D7C4FF28C806760093D1A4 /* Frameworks */,
				45D7C50028C806760093D1A4 /* Resources */,
			);
			buildRules = (
			);
			dependencies = (
				45D7C50428C806760093D1A4 /* PBXTargetDependency */,
			);
			name = FlixUITests;
			productName = FlixUITests;
			productReference = 45D7C50228C806760093D1A4 /* FlixUITests.xctest */;
			productType = "com.apple.product-type.bundle.ui-testing";
		};
/* End PBXNativeTarget section */

/* Begin PBXProject section */
		45D7C4D928C806730093D1A4 /* Project object */ = {
			isa = PBXProject;
			attributes = {
				LastSwiftUpdateCheck = 1250;
				LastUpgradeCheck = 1250;
				TargetAttributes = {
					45D7C4E028C806730093D1A4 = {
						CreatedOnToolsVersion = 12.5.1;
					};
					45D7C4F628C806750093D1A4 = {
						CreatedOnToolsVersion = 12.5.1;
						TestTargetID = 45D7C4E028C806730093D1A4;
					};
					45D7C50128C806760093D1A4 = {
						CreatedOnToolsVersion = 12.5.1;
						TestTargetID = 45D7C4E028C806730093D1A4;
					};
				};
			};
			buildConfigurationList = 45D7C4DC28C806730093D1A4 /* Build configuration list for PBXProject "Flix" */;
			compatibilityVersion = "Xcode 9.3";
			developmentRegion = en;
			hasScannedForEncodings = 0;
			knownRegions = (
				en,
				Base,
			);
			mainGroup = 45D7C4D828C806730093D1A4;
			packageReferences = (
				45D7C51628C82ED60093D1A4 /* XCRemoteSwiftPackageReference "AlamofireImage" */,
			);
			productRefGroup = 45D7C4E228C806730093D1A4 /* Products */;
			projectDirPath = "";
			projectRoot = "";
			targets = (
				45D7C4E028C806730093D1A4 /* Flix */,
				45D7C4F628C806750093D1A4 /* FlixTests */,
				45D7C50128C806760093D1A4 /* FlixUITests */,
			);
		};
/* End PBXProject section */

/* Begin PBXResourcesBuildPhase section */
		45D7C4DF28C806730093D1A4 /* Resources */ = {
			isa = PBXResourcesBuildPhase;
			buildActionMask = 2147483647;
			files = (
				45D7C4F128C806750093D1A4 /* LaunchScreen.storyboard in Resources */,
				45D7C4EE28C806750093D1A4 /* Assets.xcassets in Resources */,
				45D7C4EC28C806730093D1A4 /* Main.storyboard in Resources */,
			);
			runOnlyForDeploymentPostprocessing = 0;
		};
		45D7C4F528C806750093D1A4 /* Resources */ = {
			isa = PBXResourcesBuildPhase;
			buildActionMask = 2147483647;
			files = (
			);
			runOnlyForDeploymentPostprocessing = 0;
		};
		45D7C50028C806760093D1A4 /* Resources */ = {
			isa = PBXResourcesBuildPhase;
			buildActionMask = 2147483647;
			files = (
			);
			runOnlyForDeploymentPostprocessing = 0;
		};
/* End PBXResourcesBuildPhase section */

/* Begin PBXSourcesBuildPhase section */
		45D7C4DD28C806730093D1A4 /* Sources */ = {
			isa = PBXSourcesBuildPhase;
			buildActionMask = 2147483647;
			files = (
				453BCD6428D17C3E00CC5404 /* MovieDetailsViewController.swift in Sources */,
				45D7C4E928C806730093D1A4 /* MoviesViewController.swift in Sources */,
				45D7C4E528C806730093D1A4 /* AppDelegate.swift in Sources */,
				45D7C51528C81CE20093D1A4 /* MovieCell.swift in Sources */,
				45D7C4E728C806730093D1A4 /* SceneDelegate.swift in Sources */,
			);
			runOnlyForDeploymentPostprocessing = 0;
		};
		45D7C4F328C806750093D1A4 /* Sources */ = {
			isa = PBXSourcesBuildPhase;
			buildActionMask = 2147483647;
			files = (
				45D7C4FC28C806760093D1A4 /* FlixTests.swift in Sources */,
			);
			runOnlyForDeploymentPostprocessing = 0;
		};
		45D7C4FE28C806760093D1A4 /* Sources */ = {
			isa = PBXSourcesBuildPhase;
			buildActionMask = 2147483647;
			files = (
				45D7C50728C806760093D1A4 /* FlixUITests.swift in Sources */,
			);
			runOnlyForDeploymentPostprocessing = 0;
		};
/* End PBXSourcesBuildPhase section */

/* Begin PBXTargetDependency section */
		45D7C4F928C806750093D1A4 /* PBXTargetDependency */ = {
			isa = PBXTargetDependency;
			target = 45D7C4E028C806730093D1A4 /* Flix */;
			targetProxy = 45D7C4F828C806750093D1A4 /* PBXContainerItemProxy */;
		};
		45D7C50428C806760093D1A4 /* PBXTargetDependency */ = {
			isa = PBXTargetDependency;
			target = 45D7C4E028C806730093D1A4 /* Flix */;
			targetProxy = 45D7C50328C806760093D1A4 /* PBXContainerItemProxy */;
		};
/* End PBXTargetDependency section */

/* Begin PBXVariantGroup section */
		45D7C4EA28C806730093D1A4 /* Main.storyboard */ = {
			isa = PBXVariantGroup;
			children = (
				45D7C4EB28C806730093D1A4 /* Base */,
			);
			name = Main.storyboard;
			sourceTree = "<group>";
		};
		45D7C4EF28C806750093D1A4 /* LaunchScreen.storyboard */ = {
			isa = PBXVariantGroup;
			children = (
				45D7C4F028C806750093D1A4 /* Base */,
			);
			name = LaunchScreen.storyboard;
			sourceTree = "<group>";
		};
/* End PBXVariantGroup section */

/* Begin XCBuildConfiguration section */
		45D7C50928C806760093D1A4 /* Debug */ = {
			isa = XCBuildConfiguration;
			buildSettings = {
				ALWAYS_SEARCH_USER_PATHS = NO;
				CLANG_ANALYZER_NONNULL = YES;
				CLANG_ANALYZER_NUMBER_OBJECT_CONVERSION = YES_AGGRESSIVE;
				CLANG_CXX_LANGUAGE_STANDARD = "gnu++14";
				CLANG_CXX_LIBRARY = "libc++";
				CLANG_ENABLE_MODULES = YES;
				CLANG_ENABLE_OBJC_ARC = YES;
				CLANG_ENABLE_OBJC_WEAK = YES;
				CLANG_WARN_BLOCK_CAPTURE_AUTORELEASING = YES;
				CLANG_WARN_BOOL_CONVERSION = YES;
				CLANG_WARN_COMMA = YES;
				CLANG_WARN_CONSTANT_CONVERSION = YES;
				CLANG_WARN_DEPRECATED_OBJC_IMPLEMENTATIONS = YES;
				CLANG_WARN_DIRECT_OBJC_ISA_USAGE = YES_ERROR;
				CLANG_WARN_DOCUMENTATION_COMMENTS = YES;
				CLANG_WARN_EMPTY_BODY = YES;
				CLANG_WARN_ENUM_CONVERSION = YES;
				CLANG_WARN_INFINITE_RECURSION = YES;
				CLANG_WARN_INT_CONVERSION = YES;
				CLANG_WARN_NON_LITERAL_NULL_CONVERSION = YES;
				CLANG_WARN_OBJC_IMPLICIT_RETAIN_SELF = YES;
				CLANG_WARN_OBJC_LITERAL_CONVERSION = YES;
				CLANG_WARN_OBJC_ROOT_CLASS = YES_ERROR;
				CLANG_WARN_QUOTED_INCLUDE_IN_FRAMEWORK_HEADER = YES;
				CLANG_WARN_RANGE_LOOP_ANALYSIS = YES;
				CLANG_WARN_STRICT_PROTOTYPES = YES;
				CLANG_WARN_SUSPICIOUS_MOVE = YES;
				CLANG_WARN_UNGUARDED_AVAILABILITY = YES_AGGRESSIVE;
				CLANG_WARN_UNREACHABLE_CODE = YES;
				CLANG_WARN__DUPLICATE_METHOD_MATCH = YES;
				COPY_PHASE_STRIP = NO;
				DEBUG_INFORMATION_FORMAT = dwarf;
				ENABLE_STRICT_OBJC_MSGSEND = YES;
				ENABLE_TESTABILITY = YES;
				GCC_C_LANGUAGE_STANDARD = gnu11;
				GCC_DYNAMIC_NO_PIC = NO;
				GCC_NO_COMMON_BLOCKS = YES;
				GCC_OPTIMIZATION_LEVEL = 0;
				GCC_PREPROCESSOR_DEFINITIONS = (
					"DEBUG=1",
					"$(inherited)",
				);
				GCC_WARN_64_TO_32_BIT_CONVERSION = YES;
				GCC_WARN_ABOUT_RETURN_TYPE = YES_ERROR;
				GCC_WARN_UNDECLARED_SELECTOR = YES;
				GCC_WARN_UNINITIALIZED_AUTOS = YES_AGGRESSIVE;
				GCC_WARN_UNUSED_FUNCTION = YES;
				GCC_WARN_UNUSED_VARIABLE = YES;
				IPHONEOS_DEPLOYMENT_TARGET = 14.5;
				MTL_ENABLE_DEBUG_INFO = INCLUDE_SOURCE;
				MTL_FAST_MATH = YES;
				ONLY_ACTIVE_ARCH = YES;
				SDKROOT = iphoneos;
				SWIFT_ACTIVE_COMPILATION_CONDITIONS = DEBUG;
				SWIFT_OPTIMIZATION_LEVEL = "-Onone";
			};
			name = Debug;
		};
		45D7C50A28C806760093D1A4 /* Release */ = {
			isa = XCBuildConfiguration;
			buildSettings = {
				ALWAYS_SEARCH_USER_PATHS = NO;
				CLANG_ANALYZER_NONNULL = YES;
				CLANG_ANALYZER_NUMBER_OBJECT_CONVERSION = YES_AGGRESSIVE;
				CLANG_CXX_LANGUAGE_STANDARD = "gnu++14";
				CLANG_CXX_LIBRARY = "libc++";
				CLANG_ENABLE_MODULES = YES;
				CLANG_ENABLE_OBJC_ARC = YES;
				CLANG_ENABLE_OBJC_WEAK = YES;
				CLANG_WARN_BLOCK_CAPTURE_AUTORELEASING = YES;
				CLANG_WARN_BOOL_CONVERSION = YES;
				CLANG_WARN_COMMA = YES;
				CLANG_WARN_CONSTANT_CONVERSION = YES;
				CLANG_WARN_DEPRECATED_OBJC_IMPLEMENTATIONS = YES;
				CLANG_WARN_DIRECT_OBJC_ISA_USAGE = YES_ERROR;
				CLANG_WARN_DOCUMENTATION_COMMENTS = YES;
				CLANG_WARN_EMPTY_BODY = YES;
				CLANG_WARN_ENUM_CONVERSION = YES;
				CLANG_WARN_INFINITE_RECURSION = YES;
				CLANG_WARN_INT_CONVERSION = YES;
				CLANG_WARN_NON_LITERAL_NULL_CONVERSION = YES;
				CLANG_WARN_OBJC_IMPLICIT_RETAIN_SELF = YES;
				CLANG_WARN_OBJC_LITERAL_CONVERSION = YES;
				CLANG_WARN_OBJC_ROOT_CLASS = YES_ERROR;
				CLANG_WARN_QUOTED_INCLUDE_IN_FRAMEWORK_HEADER = YES;
				CLANG_WARN_RANGE_LOOP_ANALYSIS = YES;
				CLANG_WARN_STRICT_PROTOTYPES = YES;
				CLANG_WARN_SUSPICIOUS_MOVE = YES;
				CLANG_WARN_UNGUARDED_AVAILABILITY = YES_AGGRESSIVE;
				CLANG_WARN_UNREACHABLE_CODE = YES;
				CLANG_WARN__DUPLICATE_METHOD_MATCH = YES;
				COPY_PHASE_STRIP = NO;
				DEBUG_INFORMATION_FORMAT = "dwarf-with-dsym";
				ENABLE_NS_ASSERTIONS = NO;
				ENABLE_STRICT_OBJC_MSGSEND = YES;
				GCC_C_LANGUAGE_STANDARD = gnu11;
				GCC_NO_COMMON_BLOCKS = YES;
				GCC_WARN_64_TO_32_BIT_CONVERSION = YES;
				GCC_WARN_ABOUT_RETURN_TYPE = YES_ERROR;
				GCC_WARN_UNDECLARED_SELECTOR = YES;
				GCC_WARN_UNINITIALIZED_AUTOS = YES_AGGRESSIVE;
				GCC_WARN_UNUSED_FUNCTION = YES;
				GCC_WARN_UNUSED_VARIABLE = YES;
				IPHONEOS_DEPLOYMENT_TARGET = 14.5;
				MTL_ENABLE_DEBUG_INFO = NO;
				MTL_FAST_MATH = YES;
				SDKROOT = iphoneos;
				SWIFT_COMPILATION_MODE = wholemodule;
				SWIFT_OPTIMIZATION_LEVEL = "-O";
				VALIDATE_PRODUCT = YES;
			};
			name = Release;
		};
		45D7C50C28C806760093D1A4 /* Debug */ = {
			isa = XCBuildConfiguration;
			buildSettings = {
				ASSETCATALOG_COMPILER_APPICON_NAME = AppIcon;
				ASSETCATALOG_COMPILER_GLOBAL_ACCENT_COLOR_NAME = AccentColor;
				CODE_SIGN_STYLE = Automatic;
				INFOPLIST_FILE = Flix/Info.plist;
				LD_RUNPATH_SEARCH_PATHS = (
					"$(inherited)",
					"@executable_path/Frameworks",
				);
				PRODUCT_BUNDLE_IDENTIFIER = KWM.Flix;
				PRODUCT_NAME = "$(TARGET_NAME)";
				SWIFT_VERSION = 5.0;
				TARGETED_DEVICE_FAMILY = "1,2";
			};
			name = Debug;
		};
		45D7C50D28C806760093D1A4 /* Release */ = {
			isa = XCBuildConfiguration;
			buildSettings = {
				ASSETCATALOG_COMPILER_APPICON_NAME = AppIcon;
				ASSETCATALOG_COMPILER_GLOBAL_ACCENT_COLOR_NAME = AccentColor;
				CODE_SIGN_STYLE = Automatic;
				INFOPLIST_FILE = Flix/Info.plist;
				LD_RUNPATH_SEARCH_PATHS = (
					"$(inherited)",
					"@executable_path/Frameworks",
				);
				PRODUCT_BUNDLE_IDENTIFIER = KWM.Flix;
				PRODUCT_NAME = "$(TARGET_NAME)";
				SWIFT_VERSION = 5.0;
				TARGETED_DEVICE_FAMILY = "1,2";
			};
			name = Release;
		};
		45D7C50F28C806760093D1A4 /* Debug */ = {
			isa = XCBuildConfiguration;
			buildSettings = {
				ALWAYS_EMBED_SWIFT_STANDARD_LIBRARIES = YES;
				BUNDLE_LOADER = "$(TEST_HOST)";
				CODE_SIGN_STYLE = Automatic;
				INFOPLIST_FILE = FlixTests/Info.plist;
				IPHONEOS_DEPLOYMENT_TARGET = 14.5;
				LD_RUNPATH_SEARCH_PATHS = (
					"$(inherited)",
					"@executable_path/Frameworks",
					"@loader_path/Frameworks",
				);
				PRODUCT_BUNDLE_IDENTIFIER = KWM.FlixTests;
				PRODUCT_NAME = "$(TARGET_NAME)";
				SWIFT_VERSION = 5.0;
				TARGETED_DEVICE_FAMILY = "1,2";
				TEST_HOST = "$(BUILT_PRODUCTS_DIR)/Flix.app/Flix";
			};
			name = Debug;
		};
		45D7C51028C806760093D1A4 /* Release */ = {
			isa = XCBuildConfiguration;
			buildSettings = {
				ALWAYS_EMBED_SWIFT_STANDARD_LIBRARIES = YES;
				BUNDLE_LOADER = "$(TEST_HOST)";
				CODE_SIGN_STYLE = Automatic;
				INFOPLIST_FILE = FlixTests/Info.plist;
				IPHONEOS_DEPLOYMENT_TARGET = 14.5;
				LD_RUNPATH_SEARCH_PATHS = (
					"$(inherited)",
					"@executable_path/Frameworks",
					"@loader_path/Frameworks",
				);
				PRODUCT_BUNDLE_IDENTIFIER = KWM.FlixTests;
				PRODUCT_NAME = "$(TARGET_NAME)";
				SWIFT_VERSION = 5.0;
				TARGETED_DEVICE_FAMILY = "1,2";
				TEST_HOST = "$(BUILT_PRODUCTS_DIR)/Flix.app/Flix";
			};
			name = Release;
		};
		45D7C51228C806760093D1A4 /* Debug */ = {
			isa = XCBuildConfiguration;
			buildSettings = {
				ALWAYS_EMBED_SWIFT_STANDARD_LIBRARIES = YES;
				CODE_SIGN_STYLE = Automatic;
				INFOPLIST_FILE = FlixUITests/Info.plist;
				LD_RUNPATH_SEARCH_PATHS = (
					"$(inherited)",
					"@executable_path/Frameworks",
					"@loader_path/Frameworks",
				);
				PRODUCT_BUNDLE_IDENTIFIER = KWM.FlixUITests;
				PRODUCT_NAME = "$(TARGET_NAME)";
				SWIFT_VERSION = 5.0;
				TARGETED_DEVICE_FAMILY = "1,2";
				TEST_TARGET_NAME = Flix;
			};
			name = Debug;
		};
		45D7C51328C806760093D1A4 /* Release */ = {
			isa = XCBuildConfiguration;
			buildSettings = {
				ALWAYS_EMBED_SWIFT_STANDARD_LIBRARIES = YES;
				CODE_SIGN_STYLE = Automatic;
				INFOPLIST_FILE = FlixUITests/Info.plist;
				LD_RUNPATH_SEARCH_PATHS = (
					"$(inherited)",
					"@executable_path/Frameworks",
					"@loader_path/Frameworks",
				);
				PRODUCT_BUNDLE_IDENTIFIER = KWM.FlixUITests;
				PRODUCT_NAME = "$(TARGET_NAME)";
				SWIFT_VERSION = 5.0;
				TARGETED_DEVICE_FAMILY = "1,2";
				TEST_TARGET_NAME = Flix;
			};
			name = Release;
		};
/* End XCBuildConfiguration section */

/* Begin XCConfigurationList section */
		45D7C4DC28C806730093D1A4 /* Build configuration list for PBXProject "Flix" */ = {
			isa = XCConfigurationList;
			buildConfigurations = (
				45D7C50928C806760093D1A4 /* Debug */,
				45D7C50A28C806760093D1A4 /* Release */,
			);
			defaultConfigurationIsVisible = 0;
			defaultConfigurationName = Release;
		};
		45D7C50B28C806760093D1A4 /* Build configuration list for PBXNativeTarget "Flix" */ = {
			isa = XCConfigurationList;
			buildConfigurations = (
				45D7C50C28C806760093D1A4 /* Debug */,
				45D7C50D28C806760093D1A4 /* Release */,
			);
			defaultConfigurationIsVisible = 0;
			defaultConfigurationName = Release;
		};
		45D7C50E28C806760093D1A4 /* Build configuration list for PBXNativeTarget "FlixTests" */ = {
			isa = XCConfigurationList;
			buildConfigurations = (
				45D7C50F28C806760093D1A4 /* Debug */,
				45D7C51028C806760093D1A4 /* Release */,
			);
			defaultConfigurationIsVisible = 0;
			defaultConfigurationName = Release;
		};
		45D7C51128C806760093D1A4 /* Build configuration list for PBXNativeTarget "FlixUITests" */ = {
			isa = XCConfigurationList;
			buildConfigurations = (
				45D7C51228C806760093D1A4 /* Debug */,
				45D7C51328C806760093D1A4 /* Release */,
			);
			defaultConfigurationIsVisible = 0;
			defaultConfigurationName = Release;
		};
/* End XCConfigurationList section */

/* Begin XCRemoteSwiftPackageReference section */
		45D7C51628C82ED60093D1A4 /* XCRemoteSwiftPackageReference "AlamofireImage" */ = {
			isa = XCRemoteSwiftPackageReference;
			repositoryURL = "https://github.com/Alamofire/AlamofireImage";
			requirement = {
				kind = upToNextMajorVersion;
				minimumVersion = 4.2.0;
			};
		};
/* End XCRemoteSwiftPackageReference section */

/* Begin XCSwiftPackageProductDependency section */
		45D7C51728C82ED60093D1A4 /* AlamofireImage */ = {
			isa = XCSwiftPackageProductDependency;
			package = 45D7C51628C82ED60093D1A4 /* XCRemoteSwiftPackageReference "AlamofireImage" */;
			productName = AlamofireImage;
		};
/* End XCSwiftPackageProductDependency section */
	};
	rootObject = 45D7C4D928C806730093D1A4 /* Project object */;
}
